PODS:
  - FMDB (2.7.5):
    - FMDB/standard (= 2.7.5)
  - FMDB/standard (2.7.5)
  - JSONModel (1.8.0)
  - Masonry (1.1.0)
  - PoporFMDB (1.12):
    - FMDB
  - PoporFoundation (1.24):
    - PoporFoundation/KVO (= 1.24)
    - PoporFoundation/NSArray (= 1.24)
    - PoporFoundation/NSAssistant (= 1.24)
    - PoporFoundation/NSData (= 1.24)
    - PoporFoundation/NSDate (= 1.24)
    - PoporFoundation/NSDecimalNumber (= 1.24)
    - PoporFoundation/NSDictionary (= 1.24)
    - PoporFoundation/NSFileManager (= 1.24)
    - PoporFoundation/NSObject (= 1.24)
    - PoporFoundation/NSString (= 1.24)
    - PoporFoundation/NSTimer (= 1.24)
    - PoporFoundation/NSURL (= 1.24)
    - PoporFoundation/Os (= 1.24)
    - PoporFoundation/PFeedbackGenerator (= 1.24)
    - PoporFoundation/Prefix (= 1.24)
  - PoporFoundation/KVO (1.24)
  - PoporFoundation/NSArray (1.24):
    - PoporFoundation/NSObject
    - PoporFoundation/Prefix
  - PoporFoundation/NSAssistant (1.24):
    - PoporFoundation/Os
    - PoporFoundation/Prefix
  - PoporFoundation/NSData (1.24)
  - PoporFoundation/NSDate (1.24):
    - PoporFoundation/NSString
  - PoporFoundation/NSDecimalNumber (1.24):
    - PoporFoundation/NSObject
  - PoporFoundation/NSDictionary (1.24):
    - PoporFoundation/NSObject
    - PoporFoundation/Prefix
  - PoporFoundation/NSFileManager (1.24)
  - PoporFoundation/NSObject (1.24)
  - PoporFoundation/NSString (1.24):
    - PoporFoundation/NSObject
    - PoporFoundation/Os
    - PoporFoundation/Prefix
  - PoporFoundation/NSTimer (1.24)
  - PoporFoundation/NSURL (1.24):
    - PoporFoundation/NSObject
    - PoporFoundation/NSString
  - PoporFoundation/Os (1.24)
  - PoporFoundation/PFeedbackGenerator (1.24)
  - PoporFoundation/Prefix (1.24):
    - PoporFoundation/Os
  - ReactiveObjC (3.1.1)

DEPENDENCIES:
  - FMDB
  - JSONModel
  - Masonry
  - PoporFMDB (from `https://github.com/popor/PoporFMDB.git`, branch `main`, tag `1.12`)
  - PoporFoundation (= 1.24)
  - ReactiveObjC

SPEC REPOS:
  trunk:
    - FMDB
    - JSONModel
    - Masonry
    - PoporFoundation
    - ReactiveObjC

EXTERNAL SOURCES:
  PoporFMDB:
    :branch: main
    :git: https://github.com/popor/PoporFMDB.git
    :tag: '1.12'

CHECKOUT OPTIONS:
  PoporFMDB:
    :branch: main
    :git: https://github.com/popor/PoporFMDB.git
    :tag: '1.12'

SPEC CHECKSUMS:
  FMDB: 2ce00b547f966261cd18927a3ddb07cb6f3db82a
  JSONModel: 02ab723958366a3fd27da57ea2af2113658762e9
  Masonry: 678fab65091a9290e40e2832a55e7ab731aad201
  PoporFMDB: 897923cceb806ac976bca23e65a302222da293b6
  PoporFoundation: 0861e1064f0afb658c1254537e0447123f135ac3
  ReactiveObjC: 011caa393aa0383245f2dcf9bf02e86b80b36040

PODFILE CHECKSUM: 6fc6a4ec5160a9b224b65eadaf9a416fdd2fd86e

COCOAPODS: 1.10.1
